
Microsoft Visual Studio Solution File, Format Version 12.00
# Visual Studio Version 16
VisualStudioVersion = 16.0.30406.217
MinimumVisualStudioVersion = 10.0.40219.1
Project("{FAE04EC0-301F-11D3-BF4B-00C04F79EFBC}") = "Cool.Website", "Cool.Website\Cool.Website.csproj", "{07A08AC1-574F-4E3F-A235-F5024570BA86}"
EndProject
Global
	GlobalSection(SolutionConfigurationPlatforms) = preSolution
		Debug|Any CPU = Debug|Any CPU
		Release|Any CPU = Release|Any CPU
	EndGlobalSection
	GlobalSection(ProjectConfigurationPlatforms) = postSolution
		{07A08AC1-574F-4E3F-A235-F5024570BA86}.Debug|Any CPU.ActiveCfg = Debug|Any CPU
		{07A08AC1-574F-4E3F-A235-F5024570BA86}.Debug|Any CPU.Build.0 = Debug|Any CPU
		{07A08AC1-574F-4E3F-A235-F5024570BA86}.Release|Any CPU.ActiveCfg = Release|Any CPU
		{07A08AC1-574F-4E3F-A235-F5024570BA86}.Release|Any CPU.Build.0 = Release|Any CPU
	EndGlobalSection
	GlobalSection(SolutionProperties) = preSolution
		HideSolutionNode = FALSE
	EndGlobalSection
	GlobalSection(ExtensibilityGlobals) = postSolution
		SolutionGuid = {F54D0761-D479-45ED-B65D-AC87C3E590A6}
	EndGlobalSection
EndGlobal
